// !$*UTF8*$!
{
	archiveVersion = 1;
	classes = {
	};
	objectVersion = 56;
	objects = {

/* Begin PBXBuildFile section */
		638DE56F2ADEDEB300037283 /* DiceFunApp.swift in Sources */ = {isa = PBXBuildFile; fileRef = 638DE56E2ADEDEB300037283 /* DiceFunApp.swift */; };
		638DE5712ADEDEB300037283 /* ContentView.swift in Sources */ = {isa = PBXBuildFile; fileRef = 638DE5702ADEDEB300037283 /* ContentView.swift */; };
		638DE5732ADEDEB400037283 /* Assets.xcassets in Resources */ = {isa = PBXBuildFile; fileRef = 638DE5722ADEDEB400037283 /* Assets.xcassets */; };
		638DE5762ADEDEB400037283 /* Preview Assets.xcassets in Resources */ = {isa = PBXBuildFile; fileRef = 638DE5752ADEDEB400037283 /* Preview Assets.xcassets */; };
		638DE5812ADEE0C200037283 /* DiceData.swift in Sources */ = {isa = PBXBuildFile; fileRef = 638DE5802ADEE0C200037283 /* DiceData.swift */; };
		638DE5832ADEE11700037283 /* FileManager-DocumentsDirectory.swift in Sources */ = {isa = PBXBuildFile; fileRef = 638DE5822ADEE11700037283 /* FileManager-DocumentsDirectory.swift */; };
		638DE5852ADEE15500037283 /* DiceRollListView.swift in Sources */ = {isa = PBXBuildFile; fileRef = 638DE5842ADEE15500037283 /* DiceRollListView.swift */; };
		638DE5872ADEED3600037283 /* ContentView-ViewModel.swift in Sources */ = {isa = PBXBuildFile; fileRef = 638DE5862ADEED3600037283 /* ContentView-ViewModel.swift */; };
		63ADD04C2AE09A92009CBC18 /* DiceRollCustom1.wav in Resources */ = {isa = PBXBuildFile; fileRef = 63ADD04B2AE09A92009CBC18 /* DiceRollCustom1.wav */; };
/* End PBXBuildFile section */

/* Begin PBXFileReference section */
		638DE56B2ADEDEB300037283 /* DiceFun.app */ = {isa = PBXFileReference; explicitFileType = wrapper.application; includeInIndex = 0; path = DiceFun.app; sourceTree = BUILT_PRODUCTS_DIR; };
		638DE56E2ADEDEB300037283 /* DiceFunApp.swift */ = {isa = PBXFileReference; lastKnownFileType = sourcecode.swift; path = DiceFunApp.swift; sourceTree = "<group>"; };
		638DE5702ADEDEB300037283 /* ContentView.swift */ = {isa = PBXFileReference; lastKnownFileType = sourcecode.swift; path = ContentView.swift; sourceTree = "<group>"; };
		638DE5722ADEDEB400037283 /* Assets.xcassets */ = {isa = PBXFileReference; lastKnownFileType = folder.assetcatalog; path = Assets.xcassets; sourceTree = "<group>"; };
		638DE5752ADEDEB400037283 /* Preview Assets.xcassets */ = {isa = PBXFileReference; lastKnownFileType = folder.assetcatalog; path = "Preview Assets.xcassets"; sourceTree = "<group>"; };
		638DE5802ADEE0C200037283 /* DiceData.swift */ = {isa = PBXFileReference; lastKnownFileType = sourcecode.swift; path = DiceData.swift; sourceTree = "<group>"; };
		638DE5822ADEE11700037283 /* FileManager-DocumentsDirectory.swift */ = {isa = PBXFileReference; lastKnownFileType = sourcecode.swift; path = "FileManager-DocumentsDirectory.swift"; sourceTree = "<group>"; };
		638DE5842ADEE15500037283 /* DiceRollListView.swift */ = {isa = PBXFileReference; lastKnownFileType = sourcecode.swift; path = DiceRollListView.swift; sourceTree = "<group>"; };
		638DE5862ADEED3600037283 /* ContentView-ViewModel.swift */ = {isa = PBXFileReference; lastKnownFileType = sourcecode.swift; path = "ContentView-ViewModel.swift"; sourceTree = "<group>"; };
		63ADD04B2AE09A92009CBC18 /* DiceRollCustom1.wav */ = {isa = PBXFileReference; lastKnownFileType = audio.wav; path = DiceRollCustom1.wav; sourceTree = "<group>"; };
/* End PBXFileReference section */

/* Begin PBXFrameworksBuildPhase section */
		638DE5682ADEDEB300037283 /* Frameworks */ = {
			isa = PBXFrameworksBuildPhase;
			buildActionMask = 2147483647;
			files = (
			);
			runOnlyForDeploymentPostprocessing = 0;
		};
/* End PBXFrameworksBuildPhase section */

/* Begin PBXGroup section */
		638DE5622ADEDEB300037283 = {
			isa = PBXGroup;
			children = (
				638DE56D2ADEDEB300037283 /* DiceFun */,
				638DE56C2ADEDEB300037283 /* Products */,
			);
			sourceTree = "<group>";
		};
		638DE56C2ADEDEB300037283 /* Products */ = {
			isa = PBXGroup;
			children = (
				638DE56B2ADEDEB300037283 /* DiceFun.app */,
			);
			name = Products;
			sourceTree = "<group>";
		};
		638DE56D2ADEDEB300037283 /* DiceFun */ = {
			isa = PBXGroup;
			children = (
				63ADD04B2AE09A92009CBC18 /* DiceRollCustom1.wav */,
				638DE56E2ADEDEB300037283 /* DiceFunApp.swift */,
				638DE57C2ADEDF7600037283 /* Models */,
				638DE57E2ADEDF9E00037283 /* Views */,
				638DE57F2ADEDFAC00037283 /* ViewControllers */,
				638DE5722ADEDEB400037283 /* Assets.xcassets */,
				638DE5742ADEDEB400037283 /* Preview Content */,
			);
			path = DiceFun;
			sourceTree = "<group>";
		};
		638DE5742ADEDEB400037283 /* Preview Content */ = {
			isa = PBXGroup;
			children = (
				638DE5752ADEDEB400037283 /* Preview Assets.xcassets */,
			);
			path = "Preview Content";
			sourceTree = "<group>";
		};
		638DE57C2ADEDF7600037283 /* Models */ = {
			isa = PBXGroup;
			children = (
				638DE5802ADEE0C200037283 /* DiceData.swift */,
				638DE5822ADEE11700037283 /* FileManager-DocumentsDirectory.swift */,
			);
			path = Models;
			sourceTree = "<group>";
		};
		638DE57E2ADEDF9E00037283 /* Views */ = {
			isa = PBXGroup;
			children = (
				638DE5702ADEDEB300037283 /* ContentView.swift */,
				638DE5842ADEE15500037283 /* DiceRollListView.swift */,
			);
			path = Views;
			sourceTree = "<group>";
		};
		638DE57F2ADEDFAC00037283 /* ViewControllers */ = {
			isa = PBXGroup;
			children = (
				638DE5862ADEED3600037283 /* ContentView-ViewModel.swift */,
			);
			path = ViewControllers;
			sourceTree = "<group>";
		};
/* End PBXGroup section */

/* Begin PBXNativeTarget section */
		638DE56A2ADEDEB300037283 /* DiceFun */ = {
			isa = PBXNativeTarget;
			buildConfigurationList = 638DE5792ADEDEB400037283 /* Build configuration list for PBXNativeTarget "DiceFun" */;
			buildPhases = (
				638DE5672ADEDEB300037283 /* Sources */,
				638DE5682ADEDEB300037283 /* Frameworks */,
				638DE5692ADEDEB300037283 /* Resources */,
			);
			buildRules = (
			);
			dependencies = (
			);
			name = DiceFun;
			productName = DiceFun;
			productReference = 638DE56B2ADEDEB300037283 /* DiceFun.app */;
			productType = "com.apple.product-type.application";
		};
/* End PBXNativeTarget section */

/* Begin PBXProject section */
		638DE5632ADEDEB300037283 /* Project object */ = {
			isa = PBXProject;
			attributes = {
				BuildIndependentTargetsInParallel = 1;
				LastSwiftUpdateCheck = 1500;
				LastUpgradeCheck = 1500;
				TargetAttributes = {
					638DE56A2ADEDEB300037283 = {
						CreatedOnToolsVersion = 15.0;
					};
				};
			};
			buildConfigurationList = 638DE5662ADEDEB300037283 /* Build configuration list for PBXProject "DiceFun" */;
			compatibilityVersion = "Xcode 14.0";
			developmentRegion = en;
			hasScannedForEncodings = 0;
			knownRegions = (
				en,
				Base,
			);
			mainGroup = 638DE5622ADEDEB300037283;
			productRefGroup = 638DE56C2ADEDEB300037283 /* Products */;
			projectDirPath = "";
			projectRoot = "";
			targets = (
				638DE56A2ADEDEB300037283 /* DiceFun */,
			);
		};
/* End PBXProject section */

/* Begin PBXResourcesBuildPhase section */
		638DE5692ADEDEB300037283 /* Resources */ = {
			isa = PBXResourcesBuildPhase;
			buildActionMask = 2147483647;
			files = (
				638DE5762ADEDEB400037283 /* Preview Assets.xcassets in Resources */,
				638DE5732ADEDEB400037283 /* Assets.xcassets in Resources */,
				63ADD04C2AE09A92009CBC18 /* DiceRollCustom1.wav in Resources */,
			);
			runOnlyForDeploymentPostprocessing = 0;
		};
/* End PBXResourcesBuildPhase section */

/* Begin PBXSourcesBuildPhase section */
		638DE5672ADEDEB300037283 /* Sources */ = {
			isa = PBXSourcesBuildPhase;
			buildActionMask = 2147483647;
			files = (
				638DE5712ADEDEB300037283 /* ContentView.swift in Sources */,
				638DE5872ADEED3600037283 /* ContentView-ViewModel.swift in Sources */,
				638DE5812ADEE0C200037283 /* DiceData.swift in Sources */,
				638DE5832ADEE11700037283 /* FileManager-DocumentsDirectory.swift in Sources */,
				638DE5852ADEE15500037283 /* DiceRollListView.swift in Sources */,
				638DE56F2ADEDEB300037283 /* DiceFunApp.swift in Sources */,
			);
			runOnlyForDeploymentPostprocessing = 0;
		};
/* End PBXSourcesBuildPhase section */

/* Begin XCBuildConfiguration section */
		638DE5772ADEDEB400037283 /* Debug */ = {
			isa = XCBuildConfiguration;
			buildSettings = {
				ALWAYS_SEARCH_USER_PATHS = NO;
				ASSETCATALOG_COMPILER_GENERATE_SWIFT_ASSET_SYMBOL_EXTENSIONS = YES;
				CLANG_ANALYZER_NONNULL = YES;
				CLANG_ANALYZER_NUMBER_OBJECT_CONVERSION = YES_AGGRESSIVE;
				CLANG_CXX_LANGUAGE_STANDARD = "gnu++20";
				CLANG_ENABLE_MODULES = YES;
				CLANG_ENABLE_OBJC_ARC = YES;
				CLANG_ENABLE_OBJC_WEAK = YES;
				CLANG_WARN_BLOCK_CAPTURE_AUTORELEASING = YES;
				CLANG_WARN_BOOL_CONVERSION = YES;
				CLANG_WARN_COMMA = YES;
				CLANG_WARN_CONSTANT_CONVERSION = YES;
				CLANG_WARN_DEPRECATED_OBJC_IMPLEMENTATIONS = YES;
				CLANG_WARN_DIRECT_OBJC_ISA_USAGE = YES_ERROR;
				CLANG_WARN_DOCUMENTATION_COMMENTS = YES;
				CLANG_WARN_EMPTY_BODY = YES;
				CLANG_WARN_ENUM_CONVERSION = YES;
				CLANG_WARN_INFINITE_RECURSION = YES;
				CLANG_WARN_INT_CONVERSION = YES;
				CLANG_WARN_NON_LITERAL_NULL_CONVERSION = YES;
				CLANG_WARN_OBJC_IMPLICIT_RETAIN_SELF = YES;
				CLANG_WARN_OBJC_LITERAL_CONVERSION = YES;
				CLANG_WARN_OBJC_ROOT_CLASS = YES_ERROR;
				CLANG_WARN_QUOTED_INCLUDE_IN_FRAMEWORK_HEADER = YES;
				CLANG_WARN_RANGE_LOOP_ANALYSIS = YES;
				CLANG_WARN_STRICT_PROTOTYPES = YES;
				CLANG_WARN_SUSPICIOUS_MOVE = YES;
				CLANG_WARN_UNGUARDED_AVAILABILITY = YES_AGGRESSIVE;
				CLANG_WARN_UNREACHABLE_CODE = YES;
				CLANG_WARN__DUPLICATE_METHOD_MATCH = YES;
				COPY_PHASE_STRIP = NO;
				DEBUG_INFORMATION_FORMAT = dwarf;
				ENABLE_STRICT_OBJC_MSGSEND = YES;
				ENABLE_TESTABILITY = YES;
				ENABLE_USER_SCRIPT_SANDBOXING = YES;
				GCC_C_LANGUAGE_STANDARD = gnu17;
				GCC_DYNAMIC_NO_PIC = NO;
				GCC_NO_COMMON_BLOCKS = YES;
				GCC_OPTIMIZATION_LEVEL = 0;
				GCC_PREPROCESSOR_DEFINITIONS = (
					"DEBUG=1",
					"$(inherited)",
				);
				GCC_WARN_64_TO_32_BIT_CONVERSION = YES;
				GCC_WARN_ABOUT_RETURN_TYPE = YES_ERROR;
				GCC_WARN_UNDECLARED_SELECTOR = YES;
				GCC_WARN_UNINITIALIZED_AUTOS = YES_AGGRESSIVE;
				GCC_WARN_UNUSED_FUNCTION = YES;
				GCC_WARN_UNUSED_VARIABLE = YES;
				IPHONEOS_DEPLOYMENT_TARGET = 17.0;
				LOCALIZATION_PREFERS_STRING_CATALOGS = YES;
				MTL_ENABLE_DEBUG_INFO = INCLUDE_SOURCE;
				MTL_FAST_MATH = YES;
				ONLY_ACTIVE_ARCH = YES;
				SDKROOT = iphoneos;
				SWIFT_ACTIVE_COMPILATION_CONDITIONS = "DEBUG $(inherited)";
				SWIFT_OPTIMIZATION_LEVEL = "-Onone";
			};
			name = Debug;
		};
		638DE5782ADEDEB400037283 /* Release */ = {
			isa = XCBuildConfiguration;
			buildSettings = {
				ALWAYS_SEARCH_USER_PATHS = NO;
				ASSETCATALOG_COMPILER_GENERATE_SWIFT_ASSET_SYMBOL_EXTENSIONS = YES;
				CLANG_ANALYZER_NONNULL = YES;
				CLANG_ANALYZER_NUMBER_OBJECT_CONVERSION = YES_AGGRESSIVE;
				CLANG_CXX_LANGUAGE_STANDARD = "gnu++20";
				CLANG_ENABLE_MODULES = YES;
				CLANG_ENABLE_OBJC_ARC = YES;
				CLANG_ENABLE_OBJC_WEAK = YES;
				CLANG_WARN_BLOCK_CAPTURE_AUTORELEASING = YES;
				CLANG_WARN_BOOL_CONVERSION = YES;
				CLANG_WARN_COMMA = YES;
				CLANG_WARN_CONSTANT_CONVERSION = YES;
				CLANG_WARN_DEPRECATED_OBJC_IMPLEMENTATIONS = YES;
				CLANG_WARN_DIRECT_OBJC_ISA_USAGE = YES_ERROR;
				CLANG_WARN_DOCUMENTATION_COMMENTS = YES;
				CLANG_WARN_EMPTY_BODY = YES;
				CLANG_WARN_ENUM_CONVERSION = YES;
				CLANG_WARN_INFINITE_RECURSION = YES;
				CLANG_WARN_INT_CONVERSION = YES;
				CLANG_WARN_NON_LITERAL_NULL_CONVERSION = YES;
				CLANG_WARN_OBJC_IMPLICIT_RETAIN_SELF = YES;
				CLANG_WARN_OBJC_LITERAL_CONVERSION = YES;
				CLANG_WARN_OBJC_ROOT_CLASS = YES_ERROR;
				CLANG_WARN_QUOTED_INCLUDE_IN_FRAMEWORK_HEADER = YES;
				CLANG_WARN_RANGE_LOOP_ANALYSIS = YES;
				CLANG_WARN_STRICT_PROTOTYPES = YES;
				CLANG_WARN_SUSPICIOUS_MOVE = YES;
				CLANG_WARN_UNGUARDED_AVAILABILITY = YES_AGGRESSIVE;
				CLANG_WARN_UNREACHABLE_CODE = YES;
				CLANG_WARN__DUPLICATE_METHOD_MATCH = YES;
				COPY_PHASE_STRIP = NO;
				DEBUG_INFORMATION_FORMAT = "dwarf-with-dsym";
				ENABLE_NS_ASSERTIONS = NO;
				ENABLE_STRICT_OBJC_MSGSEND = YES;
				ENABLE_USER_SCRIPT_SANDBOXING = YES;
				GCC_C_LANGUAGE_STANDARD = gnu17;
				GCC_NO_COMMON_BLOCKS = YES;
				GCC_WARN_64_TO_32_BIT_CONVERSION = YES;
				GCC_WARN_ABOUT_RETURN_TYPE = YES_ERROR;
				GCC_WARN_UNDECLARED_SELECTOR = YES;
				GCC_WARN_UNINITIALIZED_AUTOS = YES_AGGRESSIVE;
				GCC_WARN_UNUSED_FUNCTION = YES;
				GCC_WARN_UNUSED_VARIABLE = YES;
				IPHONEOS_DEPLOYMENT_TARGET = 17.0;
				LOCALIZATION_PREFERS_STRING_CATALOGS = YES;
				MTL_ENABLE_DEBUG_INFO = NO;
				MTL_FAST_MATH = YES;
				SDKROOT = iphoneos;
				SWIFT_COMPILATION_MODE = wholemodule;
				VALIDATE_PRODUCT = YES;
			};
			name = Release;
		};
		638DE57A2ADEDEB400037283 /* Debug */ = {
			isa = XCBuildConfiguration;
			buildSettings = {
				ASSETCATALOG_COMPILER_APPICON_NAME = AppIcon;
				ASSETCATALOG_COMPILER_GLOBAL_ACCENT_COLOR_NAME = AccentColor;
				CODE_SIGN_STYLE = Automatic;
				CURRENT_PROJECT_VERSION = 1;
				DEVELOPMENT_ASSET_PATHS = "\"DiceFun/Preview Content\"";
				DEVELOPMENT_TEAM = MY2YQ76MW5;
				ENABLE_PREVIEWS = YES;
				GENERATE_INFOPLIST_FILE = YES;
				INFOPLIST_KEY_UIApplicationSceneManifest_Generation = YES;
				INFOPLIST_KEY_UIApplicationSupportsIndirectInputEvents = YES;
				INFOPLIST_KEY_UILaunchScreen_Generation = YES;
				INFOPLIST_KEY_UISupportedInterfaceOrientations_iPad = "UIInterfaceOrientationPortrait UIInterfaceOrientationPortraitUpsideDown";
				INFOPLIST_KEY_UISupportedInterfaceOrientations_iPhone = UIInterfaceOrientationPortrait;
				LD_RUNPATH_SEARCH_PATHS = (
					"$(inherited)",
					"@executable_path/Frameworks",
				);
				MARKETING_VERSION = 1.0;
				PRODUCT_BUNDLE_IDENTIFIER = com.CondronBroadcastEngineering.DiceFun;
				PRODUCT_NAME = "$(TARGET_NAME)";
				SWIFT_EMIT_LOC_STRINGS = YES;
				SWIFT_VERSION = 5.0;
				TARGETED_DEVICE_FAMILY = "1,2";
			};
			name = Debug;
		};
		638DE57B2ADEDEB400037283 /* Release */ = {
			isa = XCBuildConfiguration;
			buildSettings = {
				ASSETCATALOG_COMPILER_APPICON_NAME = AppIcon;
				ASSETCATALOG_COMPILER_GLOBAL_ACCENT_COLOR_NAME = AccentColor;
				CODE_SIGN_STYLE = Automatic;
				CURRENT_PROJECT_VERSION = 1;
				DEVELOPMENT_ASSET_PATHS = "\"DiceFun/Preview Content\"";
				DEVELOPMENT_TEAM = MY2YQ76MW5;
				ENABLE_PREVIEWS = YES;
				GENERATE_INFOPLIST_FILE = YES;
				INFOPLIST_KEY_UIApplicationSceneManifest_Generation = YES;
				INFOPLIST_KEY_UIApplicationSupportsIndirectInputEvents = YES;
				INFOPLIST_KEY_UILaunchScreen_Generation = YES;
				INFOPLIST_KEY_UISupportedInterfaceOrientations_iPad = "UIInterfaceOrientationPortrait UIInterfaceOrientationPortraitUpsideDown";
				INFOPLIST_KEY_UISupportedInterfaceOrientations_iPhone = UIInterfaceOrientationPortrait;
				LD_RUNPATH_SEARCH_PATHS = (
					"$(inherited)",
					"@executable_path/Frameworks",
				);
				MARKETING_VERSION = 1.0;
				PRODUCT_BUNDLE_IDENTIFIER = com.CondronBroadcastEngineering.DiceFun;
				PRODUCT_NAME = "$(TARGET_NAME)";
				SWIFT_EMIT_LOC_STRINGS = YES;
				SWIFT_VERSION = 5.0;
				TARGETED_DEVICE_FAMILY = "1,2";
			};
			name = Release;
		};
/* End XCBuildConfiguration section */

/* Begin XCConfigurationList section */
		638DE5662ADEDEB300037283 /* Build configuration list for PBXProject "DiceFun" */ = {
			isa = XCConfigurationList;
			buildConfigurations = (
				638DE5772ADEDEB400037283 /* Debug */,
				638DE5782ADEDEB400037283 /* Release */,
			);
			defaultConfigurationIsVisible = 0;
			defaultConfigurationName = Release;
		};
		638DE5792ADEDEB400037283 /* Build configuration list for PBXNativeTarget "DiceFun" */ = {
			isa = XCConfigurationList;
			buildConfigurations = (
				638DE57A2ADEDEB400037283 /* Debug */,
				638DE57B2ADEDEB400037283 /* Release */,
			);
			defaultConfigurationIsVisible = 0;
			defaultConfigurationName = Release;
		};
/* End XCConfigurationList section */
	};
	rootObject = 638DE5632ADEDEB300037283 /* Project object */;
}
